# THIS IS AN AUTOGENERATED FILE. DO NOT EDIT THIS FILE DIRECTLY.
# yarn lockfile v1


"@kurkle/color@^0.3.0":
  version "0.3.4"
  resolved "https://registry.yarnpkg.com/@kurkle/color/-/color-0.3.4.tgz#4d4ff677e1609214fc71c580125ddddd86abcabf"
  integrity sha512-M5UknZPHRu3DEDWoipU6sE8PdkZ6Z/S+v4dD+Ke8IaNlpdSQah50lz1KtcFBa2vsdOnwbbnxJwVM4wty6udA5w==

bootstrap@^5.3.3:
  version "5.3.3"
  resolved "https://registry.yarnpkg.com/bootstrap/-/bootstrap-5.3.3.tgz#de35e1a765c897ac940021900fcbb831602bac38"
  integrity sha512-8HLCdWgyoMguSO9o+aH+iuZ+aht+mzW0u3HIMzVu7Srrpv7EBBxTnrFlSCskwdY1+EOFQSm7uMJhNQHkdPcmjg==

chart.js@4.3.2:
  version "4.3.2"
  resolved "https://registry.yarnpkg.com/chart.js/-/chart.js-4.3.2.tgz#904ebe0376eb368a659a92d2050df47336847e4c"
  integrity sha512-pvQNyFOY1QmbmIr8oDORL16/FFivfxj8V26VFpFilMo4cNvkV5WXLJetDio365pd9gKUHGdirUTbqJfw8tr+Dg==
  dependencies:
    "@kurkle/color" "^0.3.0"
